
Microsoft Visual Studio Solution File, Format Version 12.00
# Visual Studio 14
VisualStudioVersion = 14.0.24720.0
MinimumVisualStudioVersion = 10.0.40219.1
Project("{FAE04EC0-301F-11D3-BF4B-00C04F79EFBC}") = "Ux2.App", "Ux2.App\Ux2.App.csproj", "{F4C3C848-E2E6-4ACA-8F0C-3DA09469DA06}"
EndProject
Global
	GlobalSection(SolutionConfigurationPlatforms) = preSolution
		Debug|Any CPU = Debug|Any CPU
		Release|Any CPU = Release|Any CPU
	EndGlobalSection
	GlobalSection(ProjectConfigurationPlatforms) = postSolution
		{F4C3C848-E2E6-4ACA-8F0C-3DA09469DA06}.Debug|Any CPU.ActiveCfg = Debug|Any CPU
		{F4C3C848-E2E6-4ACA-8F0C-3DA09469DA06}.Debug|Any CPU.Build.0 = Debug|Any CPU
		{F4C3C848-E2E6-4ACA-8F0C-3DA09469DA06}.Release|Any CPU.ActiveCfg = Release|Any CPU
		{F4C3C848-E2E6-4ACA-8F0C-3DA09469DA06}.Release|Any CPU.Build.0 = Release|Any CPU
	EndGlobalSection
	GlobalSection(SolutionProperties) = preSolution
		HideSolutionNode = FALSE
	EndGlobalSection
EndGlobal
